
Microsoft Visual Studio Solution File, Format Version 12.00
# Visual Studio Version 16
VisualStudioVersion = 16.0.30002.166
MinimumVisualStudioVersion = 10.0.40219.1
Project("{9A19103F-16F7-4668-BE54-9A1E7A4F7556}") = "Parser", "Parser\Parser.csproj", "{C84A4057-51CC-4C24-9CB9-50C00E868C56}"
EndProject
Project("{9A19103F-16F7-4668-BE54-9A1E7A4F7556}") = "Day1", "Day1\Day1.csproj", "{F84C9696-150C-4A02-9874-C09652F37EE2}"
EndProject
Project("{FAE04EC0-301F-11D3-BF4B-00C04F79EFBC}") = "Day2", "Day2\Day2.csproj", "{9B70360A-3225-4A0B-965D-6E1669CBFD3A}"
EndProject
Project("{FAE04EC0-301F-11D3-BF4B-00C04F79EFBC}") = "Day3", "Day3\Day3.csproj", "{D4C6D2D7-F32A-469D-8A13-13839D19A5D8}"
EndProject
Project("{FAE04EC0-301F-11D3-BF4B-00C04F79EFBC}") = "Day4", "Day4\Day4.csproj", "{E5E8536C-5886-4E2D-96C1-E3EFD8CFD8D6}"
EndProject
Global
	GlobalSection(SolutionConfigurationPlatforms) = preSolution
		Debug|Any CPU = Debug|Any CPU
		Release|Any CPU = Release|Any CPU
	EndGlobalSection
	GlobalSection(ProjectConfigurationPlatforms) = postSolution
		{C84A4057-51CC-4C24-9CB9-50C00E868C56}.Debug|Any CPU.ActiveCfg = Debug|Any CPU
		{C84A4057-51CC-4C24-9CB9-50C00E868C56}.Debug|Any CPU.Build.0 = Debug|Any CPU
		{C84A4057-51CC-4C24-9CB9-50C00E868C56}.Release|Any CPU.ActiveCfg = Release|Any CPU
		{C84A4057-51CC-4C24-9CB9-50C00E868C56}.Release|Any CPU.Build.0 = Release|Any CPU
		{F84C9696-150C-4A02-9874-C09652F37EE2}.Debug|Any CPU.ActiveCfg = Debug|Any CPU
		{F84C9696-150C-4A02-9874-C09652F37EE2}.Debug|Any CPU.Build.0 = Debug|Any CPU
		{F84C9696-150C-4A02-9874-C09652F37EE2}.Release|Any CPU.ActiveCfg = Release|Any CPU
		{F84C9696-150C-4A02-9874-C09652F37EE2}.Release|Any CPU.Build.0 = Release|Any CPU
		{9B70360A-3225-4A0B-965D-6E1669CBFD3A}.Debug|Any CPU.ActiveCfg = Debug|Any CPU
		{9B70360A-3225-4A0B-965D-6E1669CBFD3A}.Debug|Any CPU.Build.0 = Debug|Any CPU
		{9B70360A-3225-4A0B-965D-6E1669CBFD3A}.Release|Any CPU.ActiveCfg = Release|Any CPU
		{9B70360A-3225-4A0B-965D-6E1669CBFD3A}.Release|Any CPU.Build.0 = Release|Any CPU
		{D4C6D2D7-F32A-469D-8A13-13839D19A5D8}.Debug|Any CPU.ActiveCfg = Debug|Any CPU
		{D4C6D2D7-F32A-469D-8A13-13839D19A5D8}.Debug|Any CPU.Build.0 = Debug|Any CPU
		{D4C6D2D7-F32A-469D-8A13-13839D19A5D8}.Release|Any CPU.ActiveCfg = Release|Any CPU
		{D4C6D2D7-F32A-469D-8A13-13839D19A5D8}.Release|Any CPU.Build.0 = Release|Any CPU
		{E5E8536C-5886-4E2D-96C1-E3EFD8CFD8D6}.Debug|Any CPU.ActiveCfg = Debug|Any CPU
		{E5E8536C-5886-4E2D-96C1-E3EFD8CFD8D6}.Debug|Any CPU.Build.0 = Debug|Any CPU
		{E5E8536C-5886-4E2D-96C1-E3EFD8CFD8D6}.Release|Any CPU.ActiveCfg = Release|Any CPU
		{E5E8536C-5886-4E2D-96C1-E3EFD8CFD8D6}.Release|Any CPU.Build.0 = Release|Any CPU
	EndGlobalSection
	GlobalSection(SolutionProperties) = preSolution
		HideSolutionNode = FALSE
	EndGlobalSection
	GlobalSection(ExtensibilityGlobals) = postSolution
		SolutionGuid = {916DFF84-9E9B-4D59-8105-4C9A7FA7632E}
	EndGlobalSection
EndGlobal
