
Microsoft Visual Studio Solution File, Format Version 12.00
# Visual Studio Version 17
VisualStudioVersion = 17.0.31919.166
MinimumVisualStudioVersion = 10.0.40219.1
Project("{9A19103F-16F7-4668-BE54-9A1E7A4F7556}") = "Parser", "..\Parser\Parser.csproj", "{0ECE3BAE-FA73-4624-8E28-7EAB82A23146}"
EndProject
Project("{9A19103F-16F7-4668-BE54-9A1E7A4F7556}") = "Y2021", "Y2021\Y2021.csproj", "{08814F0F-6BDD-49B0-911C-2374B018F724}"
EndProject
Project("{9A19103F-16F7-4668-BE54-9A1E7A4F7556}") = "Generator", "Generator\Generator.csproj", "{B85E9548-A13E-4C7F-9F6D-2B3A42A1164D}"
EndProject
Project("{9A19103F-16F7-4668-BE54-9A1E7A4F7556}") = "Benchmarks", "..\Benchmarks\Benchmarks.csproj", "{BFD35C05-54A5-4239-B0DC-A228D58F4607}"
EndProject
Project("{FAE04EC0-301F-11D3-BF4B-00C04F79EFBC}") = "Y2022", "..\2022\Y2022\Y2022.csproj", "{3CAB088D-A3EE-4ECD-9AED-4DE9D5B9EB3A}"
EndProject
Project("{2150E333-8FDC-42A3-9474-1A3956D46DE8}") = "2021", "2021", "{2BA5D3FC-12BC-4975-B940-93BC1B5F3F04}"
EndProject
Project("{2150E333-8FDC-42A3-9474-1A3956D46DE8}") = "2022", "2022", "{9E5E3955-1F24-47AC-A684-1E10A39AAE19}"
EndProject
Global
	GlobalSection(SolutionConfigurationPlatforms) = preSolution
		Debug|Any CPU = Debug|Any CPU
		Release|Any CPU = Release|Any CPU
	EndGlobalSection
	GlobalSection(ProjectConfigurationPlatforms) = postSolution
		{0ECE3BAE-FA73-4624-8E28-7EAB82A23146}.Debug|Any CPU.ActiveCfg = Debug|Any CPU
		{0ECE3BAE-FA73-4624-8E28-7EAB82A23146}.Debug|Any CPU.Build.0 = Debug|Any CPU
		{0ECE3BAE-FA73-4624-8E28-7EAB82A23146}.Release|Any CPU.ActiveCfg = Release|Any CPU
		{0ECE3BAE-FA73-4624-8E28-7EAB82A23146}.Release|Any CPU.Build.0 = Release|Any CPU
		{08814F0F-6BDD-49B0-911C-2374B018F724}.Debug|Any CPU.ActiveCfg = Debug|Any CPU
		{08814F0F-6BDD-49B0-911C-2374B018F724}.Debug|Any CPU.Build.0 = Debug|Any CPU
		{08814F0F-6BDD-49B0-911C-2374B018F724}.Release|Any CPU.ActiveCfg = Release|Any CPU
		{08814F0F-6BDD-49B0-911C-2374B018F724}.Release|Any CPU.Build.0 = Release|Any CPU
		{B85E9548-A13E-4C7F-9F6D-2B3A42A1164D}.Debug|Any CPU.ActiveCfg = Debug|Any CPU
		{B85E9548-A13E-4C7F-9F6D-2B3A42A1164D}.Debug|Any CPU.Build.0 = Debug|Any CPU
		{B85E9548-A13E-4C7F-9F6D-2B3A42A1164D}.Release|Any CPU.ActiveCfg = Release|Any CPU
		{B85E9548-A13E-4C7F-9F6D-2B3A42A1164D}.Release|Any CPU.Build.0 = Release|Any CPU
		{BFD35C05-54A5-4239-B0DC-A228D58F4607}.Debug|Any CPU.ActiveCfg = Debug|Any CPU
		{BFD35C05-54A5-4239-B0DC-A228D58F4607}.Debug|Any CPU.Build.0 = Debug|Any CPU
		{BFD35C05-54A5-4239-B0DC-A228D58F4607}.Release|Any CPU.ActiveCfg = Release|Any CPU
		{BFD35C05-54A5-4239-B0DC-A228D58F4607}.Release|Any CPU.Build.0 = Release|Any CPU
		{3CAB088D-A3EE-4ECD-9AED-4DE9D5B9EB3A}.Debug|Any CPU.ActiveCfg = Debug|Any CPU
		{3CAB088D-A3EE-4ECD-9AED-4DE9D5B9EB3A}.Debug|Any CPU.Build.0 = Debug|Any CPU
		{3CAB088D-A3EE-4ECD-9AED-4DE9D5B9EB3A}.Release|Any CPU.ActiveCfg = Release|Any CPU
		{3CAB088D-A3EE-4ECD-9AED-4DE9D5B9EB3A}.Release|Any CPU.Build.0 = Release|Any CPU
	EndGlobalSection
	GlobalSection(SolutionProperties) = preSolution
		HideSolutionNode = FALSE
	EndGlobalSection
	GlobalSection(NestedProjects) = preSolution
		{08814F0F-6BDD-49B0-911C-2374B018F724} = {2BA5D3FC-12BC-4975-B940-93BC1B5F3F04}
		{BFD35C05-54A5-4239-B0DC-A228D58F4607} = {2BA5D3FC-12BC-4975-B940-93BC1B5F3F04}
		{3CAB088D-A3EE-4ECD-9AED-4DE9D5B9EB3A} = {9E5E3955-1F24-47AC-A684-1E10A39AAE19}
	EndGlobalSection
	GlobalSection(ExtensibilityGlobals) = postSolution
		SolutionGuid = {55382789-16AA-4D01-8371-7722E3134C42}
	EndGlobalSection
EndGlobal
